// !$*UTF8*$!
{
	archiveVersion = 1;
	classes = {
	};
	objectVersion = 46;
	objects = {

/* Begin PBXBuildFile section */
		F962A5601EF3D277006E41A0 /* MapViewController.swift in Sources */ = {isa = PBXBuildFile; fileRef = F962A55F1EF3D277006E41A0 /* MapViewController.swift */; };
		F9D578531EF25CFA0024AD85 /* AppDelegate.swift in Sources */ = {isa = PBXBuildFile; fileRef = F9D578521EF25CFA0024AD85 /* AppDelegate.swift */; };
		F9D578551EF25CFA0024AD85 /* ViewController.swift in Sources */ = {isa = PBXBuildFile; fileRef = F9D578541EF25CFA0024AD85 /* ViewController.swift */; };
		F9D578581EF25CFA0024AD85 /* Main.storyboard in Resources */ = {isa = PBXBuildFile; fileRef = F9D578561EF25CFA0024AD85 /* Main.storyboard */; };
		F9D5785A1EF25CFA0024AD85 /* Assets.xcassets in Resources */ = {isa = PBXBuildFile; fileRef = F9D578591EF25CFA0024AD85 /* Assets.xcassets */; };
		F9D5785D1EF25CFA0024AD85 /* LaunchScreen.storyboard in Resources */ = {isa = PBXBuildFile; fileRef = F9D5785B1EF25CFA0024AD85 /* LaunchScreen.storyboard */; };
		F9D578651EF27E000024AD85 /* AddNewUserViewController.swift in Sources */ = {isa = PBXBuildFile; fileRef = F9D578641EF27E000024AD85 /* AddNewUserViewController.swift */; };
		F9D578671EF281E30024AD85 /* bggg.jpg in Resources */ = {isa = PBXBuildFile; fileRef = F9D578661EF281E30024AD85 /* bggg.jpg */; };
		F9D578691EF285C90024AD85 /* ic_note_add.png in Resources */ = {isa = PBXBuildFile; fileRef = F9D578681EF285C90024AD85 /* ic_note_add.png */; };
		F9D5786B1EF285CF0024AD85 /* ic_note_add_3x.png in Resources */ = {isa = PBXBuildFile; fileRef = F9D5786A1EF285CF0024AD85 /* ic_note_add_3x.png */; };
		F9D5786D1EF285D40024AD85 /* ic_note_add_2x.png in Resources */ = {isa = PBXBuildFile; fileRef = F9D5786C1EF285D40024AD85 /* ic_note_add_2x.png */; };
		F9D578711EF288840024AD85 /* ic_keyboard_arrow_left_2x.png in Resources */ = {isa = PBXBuildFile; fileRef = F9D5786E1EF288840024AD85 /* ic_keyboard_arrow_left_2x.png */; };
		F9D578721EF288840024AD85 /* ic_keyboard_arrow_left_3x.png in Resources */ = {isa = PBXBuildFile; fileRef = F9D5786F1EF288840024AD85 /* ic_keyboard_arrow_left_3x.png */; };
		F9D578731EF288840024AD85 /* ic_keyboard_arrow_left.png in Resources */ = {isa = PBXBuildFile; fileRef = F9D578701EF288840024AD85 /* ic_keyboard_arrow_left.png */; };
/* End PBXBuildFile section */

/* Begin PBXFileReference section */
		F962A55F1EF3D277006E41A0 /* MapViewController.swift */ = {isa = PBXFileReference; fileEncoding = 4; lastKnownFileType = sourcecode.swift; path = MapViewController.swift; sourceTree = "<group>"; };
		F9D5784F1EF25CFA0024AD85 /* my Service.app */ = {isa = PBXFileReference; explicitFileType = wrapper.application; includeInIndex = 0; path = "my Service.app"; sourceTree = BUILT_PRODUCTS_DIR; };
		F9D578521EF25CFA0024AD85 /* AppDelegate.swift */ = {isa = PBXFileReference; lastKnownFileType = sourcecode.swift; path = AppDelegate.swift; sourceTree = "<group>"; };
		F9D578541EF25CFA0024AD85 /* ViewController.swift */ = {isa = PBXFileReference; lastKnownFileType = sourcecode.swift; path = ViewController.swift; sourceTree = "<group>"; };
		F9D578571EF25CFA0024AD85 /* Base */ = {isa = PBXFileReference; lastKnownFileType = file.storyboard; name = Base; path = Base.lproj/Main.storyboard; sourceTree = "<group>"; };
		F9D578591EF25CFA0024AD85 /* Assets.xcassets */ = {isa = PBXFileReference; lastKnownFileType = folder.assetcatalog; path = Assets.xcassets; sourceTree = "<group>"; };
		F9D5785C1EF25CFA0024AD85 /* Base */ = {isa = PBXFileReference; lastKnownFileType = file.storyboard; name = Base; path = Base.lproj/LaunchScreen.storyboard; sourceTree = "<group>"; };
		F9D5785E1EF25CFA0024AD85 /* Info.plist */ = {isa = PBXFileReference; lastKnownFileType = text.plist.xml; path = Info.plist; sourceTree = "<group>"; };
		F9D578641EF27E000024AD85 /* AddNewUserViewController.swift */ = {isa = PBXFileReference; fileEncoding = 4; lastKnownFileType = sourcecode.swift; path = AddNewUserViewController.swift; sourceTree = "<group>"; };
		F9D578661EF281E30024AD85 /* bggg.jpg */ = {isa = PBXFileReference; lastKnownFileType = image.jpeg; name = bggg.jpg; path = ../../../../Desktop/bggg.jpg; sourceTree = "<group>"; };
		F9D578681EF285C90024AD85 /* ic_note_add.png */ = {isa = PBXFileReference; lastKnownFileType = image.png; name = ic_note_add.png; path = ../../../../Desktop/ic_note_add.png; sourceTree = "<group>"; };
		F9D5786A1EF285CF0024AD85 /* ic_note_add_3x.png */ = {isa = PBXFileReference; lastKnownFileType = image.png; name = ic_note_add_3x.png; path = ../../../../Desktop/ic_note_add_3x.png; sourceTree = "<group>"; };
		F9D5786C1EF285D40024AD85 /* ic_note_add_2x.png */ = {isa = PBXFileReference; lastKnownFileType = image.png; name = ic_note_add_2x.png; path = ../../../../Desktop/ic_note_add_2x.png; sourceTree = "<group>"; };
		F9D5786E1EF288840024AD85 /* ic_keyboard_arrow_left_2x.png */ = {isa = PBXFileReference; lastKnownFileType = image.png; name = ic_keyboard_arrow_left_2x.png; path = ../../../../Downloads/ic_keyboard_arrow_left_black_24dp/ios/ic_keyboard_arrow_left.imageset/ic_keyboard_arrow_left_2x.png; sourceTree = "<group>"; };
		F9D5786F1EF288840024AD85 /* ic_keyboard_arrow_left_3x.png */ = {isa = PBXFileReference; lastKnownFileType = image.png; name = ic_keyboard_arrow_left_3x.png; path = ../../../../Downloads/ic_keyboard_arrow_left_black_24dp/ios/ic_keyboard_arrow_left.imageset/ic_keyboard_arrow_left_3x.png; sourceTree = "<group>"; };
		F9D578701EF288840024AD85 /* ic_keyboard_arrow_left.png */ = {isa = PBXFileReference; lastKnownFileType = image.png; name = ic_keyboard_arrow_left.png; path = ../../../../Downloads/ic_keyboard_arrow_left_black_24dp/ios/ic_keyboard_arrow_left.imageset/ic_keyboard_arrow_left.png; sourceTree = "<group>"; };
/* End PBXFileReference section */

/* Begin PBXFrameworksBuildPhase section */
		F9D5784C1EF25CFA0024AD85 /* Frameworks */ = {
			isa = PBXFrameworksBuildPhase;
			buildActionMask = 2147483647;
			files = (
			);
			runOnlyForDeploymentPostprocessing = 0;
		};
/* End PBXFrameworksBuildPhase section */

/* Begin PBXGroup section */
		F9D578461EF25CFA0024AD85 = {
			isa = PBXGroup;
			children = (
				F9D578511EF25CFA0024AD85 /* my Service */,
				F9D578501EF25CFA0024AD85 /* Products */,
			);
			sourceTree = "<group>";
		};
		F9D578501EF25CFA0024AD85 /* Products */ = {
			isa = PBXGroup;
			children = (
				F9D5784F1EF25CFA0024AD85 /* my Service.app */,
			);
			name = Products;
			sourceTree = "<group>";
		};
		F9D578511EF25CFA0024AD85 /* my Service */ = {
			isa = PBXGroup;
			children = (
				F9D578661EF281E30024AD85 /* bggg.jpg */,
				F9D578681EF285C90024AD85 /* ic_note_add.png */,
				F9D5786A1EF285CF0024AD85 /* ic_note_add_3x.png */,
				F9D5786C1EF285D40024AD85 /* ic_note_add_2x.png */,
				F9D5786E1EF288840024AD85 /* ic_keyboard_arrow_left_2x.png */,
				F9D5786F1EF288840024AD85 /* ic_keyboard_arrow_left_3x.png */,
				F9D578701EF288840024AD85 /* ic_keyboard_arrow_left.png */,
				F9D578521EF25CFA0024AD85 /* AppDelegate.swift */,
				F9D578541EF25CFA0024AD85 /* ViewController.swift */,
				F9D578561EF25CFA0024AD85 /* Main.storyboard */,
				F962A55F1EF3D277006E41A0 /* MapViewController.swift */,
				F9D578641EF27E000024AD85 /* AddNewUserViewController.swift */,
				F9D578591EF25CFA0024AD85 /* Assets.xcassets */,
				F9D5785B1EF25CFA0024AD85 /* LaunchScreen.storyboard */,
				F9D5785E1EF25CFA0024AD85 /* Info.plist */,
			);
			path = "my Service";
			sourceTree = "<group>";
		};
/* End PBXGroup section */

/* Begin PBXNativeTarget section */
		F9D5784E1EF25CFA0024AD85 /* my Service */ = {
			isa = PBXNativeTarget;
			buildConfigurationList = F9D578611EF25CFA0024AD85 /* Build configuration list for PBXNativeTarget "my Service" */;
			buildPhases = (
				F9D5784B1EF25CFA0024AD85 /* Sources */,
				F9D5784C1EF25CFA0024AD85 /* Frameworks */,
				F9D5784D1EF25CFA0024AD85 /* Resources */,
			);
			buildRules = (
			);
			dependencies = (
			);
			name = "my Service";
			productName = "my Service";
			productReference = F9D5784F1EF25CFA0024AD85 /* my Service.app */;
			productType = "com.apple.product-type.application";
		};
/* End PBXNativeTarget section */

/* Begin PBXProject section */
		F9D578471EF25CFA0024AD85 /* Project object */ = {
			isa = PBXProject;
			attributes = {
				LastSwiftUpdateCheck = 0830;
				LastUpgradeCheck = 0830;
				ORGANIZATIONNAME = SNRU;
				TargetAttributes = {
					F9D5784E1EF25CFA0024AD85 = {
						CreatedOnToolsVersion = 8.3.3;
						ProvisioningStyle = Automatic;
					};
				};
			};
			buildConfigurationList = F9D5784A1EF25CFA0024AD85 /* Build configuration list for PBXProject "my Service" */;
			compatibilityVersion = "Xcode 3.2";
			developmentRegion = English;
			hasScannedForEncodings = 0;
			knownRegions = (
				en,
				Base,
			);
			mainGroup = F9D578461EF25CFA0024AD85;
			productRefGroup = F9D578501EF25CFA0024AD85 /* Products */;
			projectDirPath = "";
			projectRoot = "";
			targets = (
				F9D5784E1EF25CFA0024AD85 /* my Service */,
			);
		};
/* End PBXProject section */

/* Begin PBXResourcesBuildPhase section */
		F9D5784D1EF25CFA0024AD85 /* Resources */ = {
			isa = PBXResourcesBuildPhase;
			buildActionMask = 2147483647;
			files = (
				F9D5785D1EF25CFA0024AD85 /* LaunchScreen.storyboard in Resources */,
				F9D578711EF288840024AD85 /* ic_keyboard_arrow_left_2x.png in Resources */,
				F9D5785A1EF25CFA0024AD85 /* Assets.xcassets in Resources */,
				F9D5786B1EF285CF0024AD85 /* ic_note_add_3x.png in Resources */,
				F9D578671EF281E30024AD85 /* bggg.jpg in Resources */,
				F9D578731EF288840024AD85 /* ic_keyboard_arrow_left.png in Resources */,
				F9D578721EF288840024AD85 /* ic_keyboard_arrow_left_3x.png in Resources */,
				F9D578691EF285C90024AD85 /* ic_note_add.png in Resources */,
				F9D578581EF25CFA0024AD85 /* Main.storyboard in Resources */,
				F9D5786D1EF285D40024AD85 /* ic_note_add_2x.png in Resources */,
			);
			runOnlyForDeploymentPostprocessing = 0;
		};
/* End PBXResourcesBuildPhase section */

/* Begin PBXSourcesBuildPhase section */
		F9D5784B1EF25CFA0024AD85 /* Sources */ = {
			isa = PBXSourcesBuildPhase;
			buildActionMask = 2147483647;
			files = (
				F9D578551EF25CFA0024AD85 /* ViewController.swift in Sources */,
				F9D578651EF27E000024AD85 /* AddNewUserViewController.swift in Sources */,
				F9D578531EF25CFA0024AD85 /* AppDelegate.swift in Sources */,
				F962A5601EF3D277006E41A0 /* MapViewController.swift in Sources */,
			);
			runOnlyForDeploymentPostprocessing = 0;
		};
/* End PBXSourcesBuildPhase section */

/* Begin PBXVariantGroup section */
		F9D578561EF25CFA0024AD85 /* Main.storyboard */ = {
			isa = PBXVariantGroup;
			children = (
				F9D578571EF25CFA0024AD85 /* Base */,
			);
			name = Main.storyboard;
			sourceTree = "<group>";
		};
		F9D5785B1EF25CFA0024AD85 /* LaunchScreen.storyboard */ = {
			isa = PBXVariantGroup;
			children = (
				F9D5785C1EF25CFA0024AD85 /* Base */,
			);
			name = LaunchScreen.storyboard;
			sourceTree = "<group>";
		};
/* End PBXVariantGroup section */

/* Begin XCBuildConfiguration section */
		F9D5785F1EF25CFA0024AD85 /* Debug */ = {
			isa = XCBuildConfiguration;
			buildSettings = {
				ALWAYS_SEARCH_USER_PATHS = NO;
				CLANG_ANALYZER_NONNULL = YES;
				CLANG_ANALYZER_NUMBER_OBJECT_CONVERSION = YES_AGGRESSIVE;
				CLANG_CXX_LANGUAGE_STANDARD = "gnu++0x";
				CLANG_CXX_LIBRARY = "libc++";
				CLANG_ENABLE_MODULES = YES;
				CLANG_ENABLE_OBJC_ARC = YES;
				CLANG_WARN_BOOL_CONVERSION = YES;
				CLANG_WARN_CONSTANT_CONVERSION = YES;
				CLANG_WARN_DIRECT_OBJC_ISA_USAGE = YES_ERROR;
				CLANG_WARN_DOCUMENTATION_COMMENTS = YES;
				CLANG_WARN_EMPTY_BODY = YES;
				CLANG_WARN_ENUM_CONVERSION = YES;
				CLANG_WARN_INFINITE_RECURSION = YES;
				CLANG_WARN_INT_CONVERSION = YES;
				CLANG_WARN_OBJC_ROOT_CLASS = YES_ERROR;
				CLANG_WARN_SUSPICIOUS_MOVE = YES;
				CLANG_WARN_UNREACHABLE_CODE = YES;
				CLANG_WARN__DUPLICATE_METHOD_MATCH = YES;
				"CODE_SIGN_IDENTITY[sdk=iphoneos*]" = "iPhone Developer";
				COPY_PHASE_STRIP = NO;
				DEBUG_INFORMATION_FORMAT = dwarf;
				ENABLE_STRICT_OBJC_MSGSEND = YES;
				ENABLE_TESTABILITY = YES;
				GCC_C_LANGUAGE_STANDARD = gnu99;
				GCC_DYNAMIC_NO_PIC = NO;
				GCC_NO_COMMON_BLOCKS = YES;
				GCC_OPTIMIZATION_LEVEL = 0;
				GCC_PREPROCESSOR_DEFINITIONS = (
					"DEBUG=1",
					"$(inherited)",
				);
				GCC_WARN_64_TO_32_BIT_CONVERSION = YES;
				GCC_WARN_ABOUT_RETURN_TYPE = YES_ERROR;
				GCC_WARN_UNDECLARED_SELECTOR = YES;
				GCC_WARN_UNINITIALIZED_AUTOS = YES_AGGRESSIVE;
				GCC_WARN_UNUSED_FUNCTION = YES;
				GCC_WARN_UNUSED_VARIABLE = YES;
				IPHONEOS_DEPLOYMENT_TARGET = 10.3;
				MTL_ENABLE_DEBUG_INFO = YES;
				ONLY_ACTIVE_ARCH = YES;
				SDKROOT = iphoneos;
				SWIFT_ACTIVE_COMPILATION_CONDITIONS = DEBUG;
				SWIFT_OPTIMIZATION_LEVEL = "-Onone";
				TARGETED_DEVICE_FAMILY = "1,2";
			};
			name = Debug;
		};
		F9D578601EF25CFA0024AD85 /* Release */ = {
			isa = XCBuildConfiguration;
			buildSettings = {
				ALWAYS_SEARCH_USER_PATHS = NO;
				CLANG_ANALYZER_NONNULL = YES;
				CLANG_ANALYZER_NUMBER_OBJECT_CONVERSION = YES_AGGRESSIVE;
				CLANG_CXX_LANGUAGE_STANDARD = "gnu++0x";
				CLANG_CXX_LIBRARY = "libc++";
				CLANG_ENABLE_MODULES = YES;
				CLANG_ENABLE_OBJC_ARC = YES;
				CLANG_WARN_BOOL_CONVERSION = YES;
				CLANG_WARN_CONSTANT_CONVERSION = YES;
				CLANG_WARN_DIRECT_OBJC_ISA_USAGE = YES_ERROR;
				CLANG_WARN_DOCUMENTATION_COMMENTS = YES;
				CLANG_WARN_EMPTY_BODY = YES;
				CLANG_WARN_ENUM_CONVERSION = YES;
				CLANG_WARN_INFINITE_RECURSION = YES;
				CLANG_WARN_INT_CONVERSION = YES;
				CLANG_WARN_OBJC_ROOT_CLASS = YES_ERROR;
				CLANG_WARN_SUSPICIOUS_MOVE = YES;
				CLANG_WARN_UNREACHABLE_CODE = YES;
				CLANG_WARN__DUPLICATE_METHOD_MATCH = YES;
				"CODE_SIGN_IDENTITY[sdk=iphoneos*]" = "iPhone Developer";
				COPY_PHASE_STRIP = NO;
				DEBUG_INFORMATION_FORMAT = "dwarf-with-dsym";
				ENABLE_NS_ASSERTIONS = NO;
				ENABLE_STRICT_OBJC_MSGSEND = YES;
				GCC_C_LANGUAGE_STANDARD = gnu99;
				GCC_NO_COMMON_BLOCKS = YES;
				GCC_WARN_64_TO_32_BIT_CONVERSION = YES;
				GCC_WARN_ABOUT_RETURN_TYPE = YES_ERROR;
				GCC_WARN_UNDECLARED_SELECTOR = YES;
				GCC_WARN_UNINITIALIZED_AUTOS = YES_AGGRESSIVE;
				GCC_WARN_UNUSED_FUNCTION = YES;
				GCC_WARN_UNUSED_VARIABLE = YES;
				IPHONEOS_DEPLOYMENT_TARGET = 10.3;
				MTL_ENABLE_DEBUG_INFO = NO;
				SDKROOT = iphoneos;
				SWIFT_OPTIMIZATION_LEVEL = "-Owholemodule";
				TARGETED_DEVICE_FAMILY = "1,2";
				VALIDATE_PRODUCT = YES;
			};
			name = Release;
		};
		F9D578621EF25CFA0024AD85 /* Debug */ = {
			isa = XCBuildConfiguration;
			buildSettings = {
				ASSETCATALOG_COMPILER_APPICON_NAME = AppIcon;
				INFOPLIST_FILE = "my Service/Info.plist";
				LD_RUNPATH_SEARCH_PATHS = "$(inherited) @executable_path/Frameworks";
				PRODUCT_BUNDLE_IDENTIFIER = "Computer.Chaidan.my-Service";
				PRODUCT_NAME = "$(TARGET_NAME)";
				SWIFT_VERSION = 3.0;
			};
			name = Debug;
		};
		F9D578631EF25CFA0024AD85 /* Release */ = {
			isa = XCBuildConfiguration;
			buildSettings = {
				ASSETCATALOG_COMPILER_APPICON_NAME = AppIcon;
				INFOPLIST_FILE = "my Service/Info.plist";
				LD_RUNPATH_SEARCH_PATHS = "$(inherited) @executable_path/Frameworks";
				PRODUCT_BUNDLE_IDENTIFIER = "Computer.Chaidan.my-Service";
				PRODUCT_NAME = "$(TARGET_NAME)";
				SWIFT_VERSION = 3.0;
			};
			name = Release;
		};
/* End XCBuildConfiguration section */

/* Begin XCConfigurationList section */
		F9D5784A1EF25CFA0024AD85 /* Build configuration list for PBXProject "my Service" */ = {
			isa = XCConfigurationList;
			buildConfigurations = (
				F9D5785F1EF25CFA0024AD85 /* Debug */,
				F9D578601EF25CFA0024AD85 /* Release */,
			);
			defaultConfigurationIsVisible = 0;
			defaultConfigurationName = Release;
		};
		F9D578611EF25CFA0024AD85 /* Build configuration list for PBXNativeTarget "my Service" */ = {
			isa = XCConfigurationList;
			buildConfigurations = (
				F9D578621EF25CFA0024AD85 /* Debug */,
				F9D578631EF25CFA0024AD85 /* Release */,
			);
			defaultConfigurationIsVisible = 0;
			defaultConfigurationName = Release;
		};
/* End XCConfigurationList section */
	};
	rootObject = F9D578471EF25CFA0024AD85 /* Project object */;
}
